// !$*UTF8*$!
{
	archiveVersion = 1;
	classes = {
	};
	objectVersion = 50;
	objects = {

/* Begin PBXBuildFile section */
		4A87603E5E1620C62787E089 /* Pods_GithubTrending.framework in Frameworks */ = {isa = PBXBuildFile; fileRef = 33D90156E1FE73ABF8886F37 /* Pods_GithubTrending.framework */; };
		B45EB48A20C187C700F3AC28 /* GithubTrendingCell.swift in Sources */ = {isa = PBXBuildFile; fileRef = B45EB48920C187C700F3AC28 /* GithubTrendingCell.swift */; };
		B45EB48C20C1893900F3AC28 /* GithubTrendingCell.xib in Resources */ = {isa = PBXBuildFile; fileRef = B45EB48B20C1893900F3AC28 /* GithubTrendingCell.xib */; };
		B45EB48E20C1929000F3AC28 /* Owner.swift in Sources */ = {isa = PBXBuildFile; fileRef = B45EB48D20C1929000F3AC28 /* Owner.swift */; };
		B45EB49020C1929800F3AC28 /* License.swift in Sources */ = {isa = PBXBuildFile; fileRef = B45EB48F20C1929800F3AC28 /* License.swift */; };
		B45EB49420C1AB1800F3AC28 /* GithubRepositoryDetailViewController.swift in Sources */ = {isa = PBXBuildFile; fileRef = B45EB49320C1AB1800F3AC28 /* GithubRepositoryDetailViewController.swift */; };
		B471F08920C17263003DEF14 /* AppDelegate.swift in Sources */ = {isa = PBXBuildFile; fileRef = B471F08820C17263003DEF14 /* AppDelegate.swift */; };
		B471F08B20C17263003DEF14 /* GithubTrendingViewController.swift in Sources */ = {isa = PBXBuildFile; fileRef = B471F08A20C17263003DEF14 /* GithubTrendingViewController.swift */; };
		B471F08E20C17263003DEF14 /* Main.storyboard in Resources */ = {isa = PBXBuildFile; fileRef = B471F08C20C17263003DEF14 /* Main.storyboard */; };
		B471F09020C17264003DEF14 /* Assets.xcassets in Resources */ = {isa = PBXBuildFile; fileRef = B471F08F20C17264003DEF14 /* Assets.xcassets */; };
		B471F09320C17264003DEF14 /* LaunchScreen.storyboard in Resources */ = {isa = PBXBuildFile; fileRef = B471F09120C17264003DEF14 /* LaunchScreen.storyboard */; };
		B471F09C20C1729C003DEF14 /* GithubTrendingConstants.swift in Sources */ = {isa = PBXBuildFile; fileRef = B471F09B20C1729C003DEF14 /* GithubTrendingConstants.swift */; };
		B471F0A320C17546003DEF14 /* GithubRepository.swift in Sources */ = {isa = PBXBuildFile; fileRef = B471F0A220C17546003DEF14 /* GithubRepository.swift */; };
		B471F0A620C17713003DEF14 /* GithubTrendingProvider.swift in Sources */ = {isa = PBXBuildFile; fileRef = B471F0A520C17713003DEF14 /* GithubTrendingProvider.swift */; };
		B471F0A820C17740003DEF14 /* GithubTrendingUseCase.swift in Sources */ = {isa = PBXBuildFile; fileRef = B471F0A720C17740003DEF14 /* GithubTrendingUseCase.swift */; };
		B471F0AB20C17814003DEF14 /* GithubTrendingNetworkRepository.swift in Sources */ = {isa = PBXBuildFile; fileRef = B471F0AA20C17814003DEF14 /* GithubTrendingNetworkRepository.swift */; };
/* End PBXBuildFile section */

/* Begin PBXFileReference section */
		33D90156E1FE73ABF8886F37 /* Pods_GithubTrending.framework */ = {isa = PBXFileReference; explicitFileType = wrapper.framework; includeInIndex = 0; path = Pods_GithubTrending.framework; sourceTree = BUILT_PRODUCTS_DIR; };
		748AA6822944F739F20FB9B1 /* Pods-GithubTrending.debug.xcconfig */ = {isa = PBXFileReference; includeInIndex = 1; lastKnownFileType = text.xcconfig; name = "Pods-GithubTrending.debug.xcconfig"; path = "Pods/Target Support Files/Pods-GithubTrending/Pods-GithubTrending.debug.xcconfig"; sourceTree = "<group>"; };
		B45EB48920C187C700F3AC28 /* GithubTrendingCell.swift */ = {isa = PBXFileReference; lastKnownFileType = sourcecode.swift; path = GithubTrendingCell.swift; sourceTree = "<group>"; };
		B45EB48B20C1893900F3AC28 /* GithubTrendingCell.xib */ = {isa = PBXFileReference; lastKnownFileType = file.xib; path = GithubTrendingCell.xib; sourceTree = "<group>"; };
		B45EB48D20C1929000F3AC28 /* Owner.swift */ = {isa = PBXFileReference; lastKnownFileType = sourcecode.swift; path = Owner.swift; sourceTree = "<group>"; };
		B45EB48F20C1929800F3AC28 /* License.swift */ = {isa = PBXFileReference; lastKnownFileType = sourcecode.swift; path = License.swift; sourceTree = "<group>"; };
		B45EB49320C1AB1800F3AC28 /* GithubRepositoryDetailViewController.swift */ = {isa = PBXFileReference; lastKnownFileType = sourcecode.swift; path = GithubRepositoryDetailViewController.swift; sourceTree = "<group>"; };
		B471F08520C17263003DEF14 /* GithubTrending.app */ = {isa = PBXFileReference; explicitFileType = wrapper.application; includeInIndex = 0; path = GithubTrending.app; sourceTree = BUILT_PRODUCTS_DIR; };
		B471F08820C17263003DEF14 /* AppDelegate.swift */ = {isa = PBXFileReference; lastKnownFileType = sourcecode.swift; path = AppDelegate.swift; sourceTree = "<group>"; };
		B471F08A20C17263003DEF14 /* GithubTrendingViewController.swift */ = {isa = PBXFileReference; lastKnownFileType = sourcecode.swift; path = GithubTrendingViewController.swift; sourceTree = "<group>"; };
		B471F08D20C17263003DEF14 /* Base */ = {isa = PBXFileReference; lastKnownFileType = file.storyboard; name = Base; path = Base.lproj/Main.storyboard; sourceTree = "<group>"; };
		B471F08F20C17264003DEF14 /* Assets.xcassets */ = {isa = PBXFileReference; lastKnownFileType = folder.assetcatalog; path = Assets.xcassets; sourceTree = "<group>"; };
		B471F09220C17264003DEF14 /* Base */ = {isa = PBXFileReference; lastKnownFileType = file.storyboard; name = Base; path = Base.lproj/LaunchScreen.storyboard; sourceTree = "<group>"; };
		B471F09420C17264003DEF14 /* Info.plist */ = {isa = PBXFileReference; lastKnownFileType = text.plist.xml; path = Info.plist; sourceTree = "<group>"; };
		B471F09B20C1729C003DEF14 /* GithubTrendingConstants.swift */ = {isa = PBXFileReference; lastKnownFileType = sourcecode.swift; path = GithubTrendingConstants.swift; sourceTree = "<group>"; };
		B471F0A220C17546003DEF14 /* GithubRepository.swift */ = {isa = PBXFileReference; lastKnownFileType = sourcecode.swift; path = GithubRepository.swift; sourceTree = "<group>"; };
		B471F0A520C17713003DEF14 /* GithubTrendingProvider.swift */ = {isa = PBXFileReference; lastKnownFileType = sourcecode.swift; path = GithubTrendingProvider.swift; sourceTree = "<group>"; };
		B471F0A720C17740003DEF14 /* GithubTrendingUseCase.swift */ = {isa = PBXFileReference; lastKnownFileType = sourcecode.swift; path = GithubTrendingUseCase.swift; sourceTree = "<group>"; };
		B471F0AA20C17814003DEF14 /* GithubTrendingNetworkRepository.swift */ = {isa = PBXFileReference; lastKnownFileType = sourcecode.swift; path = GithubTrendingNetworkRepository.swift; sourceTree = "<group>"; };
		CDCFA87C049D1AC5C87200C1 /* Pods-GithubTrending.release.xcconfig */ = {isa = PBXFileReference; includeInIndex = 1; lastKnownFileType = text.xcconfig; name = "Pods-GithubTrending.release.xcconfig"; path = "Pods/Target Support Files/Pods-GithubTrending/Pods-GithubTrending.release.xcconfig"; sourceTree = "<group>"; };
/* End PBXFileReference section */

/* Begin PBXFrameworksBuildPhase section */
		B471F08220C17263003DEF14 /* Frameworks */ = {
			isa = PBXFrameworksBuildPhase;
			buildActionMask = 2147483647;
			files = (
				4A87603E5E1620C62787E089 /* Pods_GithubTrending.framework in Frameworks */,
			);
			runOnlyForDeploymentPostprocessing = 0;
		};
/* End PBXFrameworksBuildPhase section */

/* Begin PBXGroup section */
		5589EC6244BC5C75FB5800F6 /* Frameworks */ = {
			isa = PBXGroup;
			children = (
				33D90156E1FE73ABF8886F37 /* Pods_GithubTrending.framework */,
			);
			name = Frameworks;
			sourceTree = "<group>";
		};
		B45EB49120C1AAC400F3AC28 /* Cells */ = {
			isa = PBXGroup;
			children = (
				B45EB48920C187C700F3AC28 /* GithubTrendingCell.swift */,
				B45EB48B20C1893900F3AC28 /* GithubTrendingCell.xib */,
			);
			path = Cells;
			sourceTree = "<group>";
		};
		B45EB49220C1AAD900F3AC28 /* ViewControllers */ = {
			isa = PBXGroup;
			children = (
				B471F08A20C17263003DEF14 /* GithubTrendingViewController.swift */,
				B45EB49320C1AB1800F3AC28 /* GithubRepositoryDetailViewController.swift */,
			);
			name = ViewControllers;
			path = GithubTrending/UI/ViewControllers;
			sourceTree = SOURCE_ROOT;
		};
		B471F07C20C17263003DEF14 = {
			isa = PBXGroup;
			children = (
				B471F08720C17263003DEF14 /* GithubTrending */,
				B471F08620C17263003DEF14 /* Products */,
				B7B4407A4491ABCAD3F2E70F /* Pods */,
				5589EC6244BC5C75FB5800F6 /* Frameworks */,
			);
			sourceTree = "<group>";
		};
		B471F08620C17263003DEF14 /* Products */ = {
			isa = PBXGroup;
			children = (
				B471F08520C17263003DEF14 /* GithubTrending.app */,
			);
			name = Products;
			sourceTree = "<group>";
		};
		B471F08720C17263003DEF14 /* GithubTrending */ = {
			isa = PBXGroup;
			children = (
				B471F09A20C1727C003DEF14 /* Configuration */,
				B471F09D20C173A4003DEF14 /* Domain */,
				B471F0A020C173A4003DEF14 /* Platform */,
				B471F09E20C173A4003DEF14 /* UI */,
				B471F09F20C173A4003DEF14 /* Utils */,
				B471F08820C17263003DEF14 /* AppDelegate.swift */,
				B471F08C20C17263003DEF14 /* Main.storyboard */,
				B471F08F20C17264003DEF14 /* Assets.xcassets */,
				B471F09120C17264003DEF14 /* LaunchScreen.storyboard */,
				B471F09420C17264003DEF14 /* Info.plist */,
			);
			path = GithubTrending;
			sourceTree = "<group>";
		};
		B471F09A20C1727C003DEF14 /* Configuration */ = {
			isa = PBXGroup;
			children = (
				B471F09B20C1729C003DEF14 /* GithubTrendingConstants.swift */,
			);
			path = Configuration;
			sourceTree = "<group>";
		};
		B471F09D20C173A4003DEF14 /* Domain */ = {
			isa = PBXGroup;
			children = (
				B471F0A120C1752B003DEF14 /* Entities */,
				B471F0A920C17805003DEF14 /* Repositories */,
				B471F0A420C17620003DEF14 /* UseCases */,
			);
			path = Domain;
			sourceTree = "<group>";
		};
		B471F09E20C173A4003DEF14 /* UI */ = {
			isa = PBXGroup;
			children = (
				B45EB49220C1AAD900F3AC28 /* ViewControllers */,
				B45EB49120C1AAC400F3AC28 /* Cells */,
			);
			path = UI;
			sourceTree = "<group>";
		};
		B471F09F20C173A4003DEF14 /* Utils */ = {
			isa = PBXGroup;
			children = (
			);
			path = Utils;
			sourceTree = "<group>";
		};
		B471F0A020C173A4003DEF14 /* Platform */ = {
			isa = PBXGroup;
			children = (
			);
			path = Platform;
			sourceTree = "<group>";
		};
		B471F0A120C1752B003DEF14 /* Entities */ = {
			isa = PBXGroup;
			children = (
				B471F0A220C17546003DEF14 /* GithubRepository.swift */,
				B45EB48D20C1929000F3AC28 /* Owner.swift */,
				B45EB48F20C1929800F3AC28 /* License.swift */,
			);
			path = Entities;
			sourceTree = "<group>";
		};
		B471F0A420C17620003DEF14 /* UseCases */ = {
			isa = PBXGroup;
			children = (
				B471F0A520C17713003DEF14 /* GithubTrendingProvider.swift */,
				B471F0A720C17740003DEF14 /* GithubTrendingUseCase.swift */,
			);
			path = UseCases;
			sourceTree = "<group>";
		};
		B471F0A920C17805003DEF14 /* Repositories */ = {
			isa = PBXGroup;
			children = (
				B471F0AA20C17814003DEF14 /* GithubTrendingNetworkRepository.swift */,
			);
			path = Repositories;
			sourceTree = "<group>";
		};
		B7B4407A4491ABCAD3F2E70F /* Pods */ = {
			isa = PBXGroup;
			children = (
				748AA6822944F739F20FB9B1 /* Pods-GithubTrending.debug.xcconfig */,
				CDCFA87C049D1AC5C87200C1 /* Pods-GithubTrending.release.xcconfig */,
			);
			name = Pods;
			sourceTree = "<group>";
		};
/* End PBXGroup section */

/* Begin PBXNativeTarget section */
		B471F08420C17263003DEF14 /* GithubTrending */ = {
			isa = PBXNativeTarget;
			buildConfigurationList = B471F09720C17264003DEF14 /* Build configuration list for PBXNativeTarget "GithubTrending" */;
			buildPhases = (
				FDD309E205F9C33FC7A6B1BE /* [CP] Check Pods Manifest.lock */,
				B471F08120C17263003DEF14 /* Sources */,
				B471F08220C17263003DEF14 /* Frameworks */,
				B471F08320C17263003DEF14 /* Resources */,
				0F5369433DC287EEBA4DF075 /* [CP] Embed Pods Frameworks */,
				2D81B92F28D127DB45EA60EB /* [CP] Copy Pods Resources */,
			);
			buildRules = (
			);
			dependencies = (
			);
			name = GithubTrending;
			productName = GithubTrending;
			productReference = B471F08520C17263003DEF14 /* GithubTrending.app */;
			productType = "com.apple.product-type.application";
		};
/* End PBXNativeTarget section */

/* Begin PBXProject section */
		B471F07D20C17263003DEF14 /* Project object */ = {
			isa = PBXProject;
			attributes = {
				LastSwiftUpdateCheck = 0930;
				LastUpgradeCheck = 0930;
				ORGANIZATIONNAME = jordanrilassi;
				TargetAttributes = {
					B471F08420C17263003DEF14 = {
						CreatedOnToolsVersion = 9.3;
					};
				};
			};
			buildConfigurationList = B471F08020C17263003DEF14 /* Build configuration list for PBXProject "GithubTrending" */;
			compatibilityVersion = "Xcode 9.3";
			developmentRegion = en;
			hasScannedForEncodings = 0;
			knownRegions = (
				en,
				Base,
			);
			mainGroup = B471F07C20C17263003DEF14;
			productRefGroup = B471F08620C17263003DEF14 /* Products */;
			projectDirPath = "";
			projectRoot = "";
			targets = (
				B471F08420C17263003DEF14 /* GithubTrending */,
			);
		};
/* End PBXProject section */

/* Begin PBXResourcesBuildPhase section */
		B471F08320C17263003DEF14 /* Resources */ = {
			isa = PBXResourcesBuildPhase;
			buildActionMask = 2147483647;
			files = (
				B471F09320C17264003DEF14 /* LaunchScreen.storyboard in Resources */,
				B45EB48C20C1893900F3AC28 /* GithubTrendingCell.xib in Resources */,
				B471F09020C17264003DEF14 /* Assets.xcassets in Resources */,
				B471F08E20C17263003DEF14 /* Main.storyboard in Resources */,
			);
			runOnlyForDeploymentPostprocessing = 0;
		};
/* End PBXResourcesBuildPhase section */

/* Begin PBXShellScriptBuildPhase section */
		0F5369433DC287EEBA4DF075 /* [CP] Embed Pods Frameworks */ = {
			isa = PBXShellScriptBuildPhase;
			buildActionMask = 2147483647;
			files = (
			);
			inputPaths = (
				"${SRCROOT}/Pods/Target Support Files/Pods-GithubTrending/Pods-GithubTrending-frameworks.sh",
				"${BUILT_PRODUCTS_DIR}/ObjectMapper/ObjectMapper.framework",
				"${BUILT_PRODUCTS_DIR}/ObjectMapper+Realm/ObjectMapper_Realm.framework",
				"${BUILT_PRODUCTS_DIR}/Realm/Realm.framework",
				"${BUILT_PRODUCTS_DIR}/RealmSwift/RealmSwift.framework",
			);
			name = "[CP] Embed Pods Frameworks";
			outputPaths = (
				"${TARGET_BUILD_DIR}/${FRAMEWORKS_FOLDER_PATH}/ObjectMapper.framework",
				"${TARGET_BUILD_DIR}/${FRAMEWORKS_FOLDER_PATH}/ObjectMapper_Realm.framework",
				"${TARGET_BUILD_DIR}/${FRAMEWORKS_FOLDER_PATH}/Realm.framework",
				"${TARGET_BUILD_DIR}/${FRAMEWORKS_FOLDER_PATH}/RealmSwift.framework",
			);
			runOnlyForDeploymentPostprocessing = 0;
			shellPath = /bin/sh;
			shellScript = "\"${SRCROOT}/Pods/Target Support Files/Pods-GithubTrending/Pods-GithubTrending-frameworks.sh\"\n";
			showEnvVarsInLog = 0;
		};
		2D81B92F28D127DB45EA60EB /* [CP] Copy Pods Resources */ = {
			isa = PBXShellScriptBuildPhase;
			buildActionMask = 2147483647;
			files = (
			);
			inputPaths = (
			);
			name = "[CP] Copy Pods Resources";
			outputPaths = (
			);
			runOnlyForDeploymentPostprocessing = 0;
			shellPath = /bin/sh;
			shellScript = "\"${SRCROOT}/Pods/Target Support Files/Pods-GithubTrending/Pods-GithubTrending-resources.sh\"\n";
			showEnvVarsInLog = 0;
		};
		FDD309E205F9C33FC7A6B1BE /* [CP] Check Pods Manifest.lock */ = {
			isa = PBXShellScriptBuildPhase;
			buildActionMask = 2147483647;
			files = (
			);
			inputPaths = (
				"${PODS_PODFILE_DIR_PATH}/Podfile.lock",
				"${PODS_ROOT}/Manifest.lock",
			);
			name = "[CP] Check Pods Manifest.lock";
			outputPaths = (
				"$(DERIVED_FILE_DIR)/Pods-GithubTrending-checkManifestLockResult.txt",
			);
			runOnlyForDeploymentPostprocessing = 0;
			shellPath = /bin/sh;
			shellScript = "diff \"${PODS_PODFILE_DIR_PATH}/Podfile.lock\" \"${PODS_ROOT}/Manifest.lock\" > /dev/null\nif [ $? != 0 ] ; then\n    # print error to STDERR\n    echo \"error: The sandbox is not in sync with the Podfile.lock. Run 'pod install' or update your CocoaPods installation.\" >&2\n    exit 1\nfi\n# This output is used by Xcode 'outputs' to avoid re-running this script phase.\necho \"SUCCESS\" > \"${SCRIPT_OUTPUT_FILE_0}\"\n";
			showEnvVarsInLog = 0;
		};
/* End PBXShellScriptBuildPhase section */

/* Begin PBXSourcesBuildPhase section */
		B471F08120C17263003DEF14 /* Sources */ = {
			isa = PBXSourcesBuildPhase;
			buildActionMask = 2147483647;
			files = (
				B471F0A320C17546003DEF14 /* GithubRepository.swift in Sources */,
				B45EB48A20C187C700F3AC28 /* GithubTrendingCell.swift in Sources */,
				B45EB49420C1AB1800F3AC28 /* GithubRepositoryDetailViewController.swift in Sources */,
				B471F08B20C17263003DEF14 /* GithubTrendingViewController.swift in Sources */,
				B471F0A620C17713003DEF14 /* GithubTrendingProvider.swift in Sources */,
				B45EB48E20C1929000F3AC28 /* Owner.swift in Sources */,
				B471F09C20C1729C003DEF14 /* GithubTrendingConstants.swift in Sources */,
				B471F0AB20C17814003DEF14 /* GithubTrendingNetworkRepository.swift in Sources */,
				B45EB49020C1929800F3AC28 /* License.swift in Sources */,
				B471F08920C17263003DEF14 /* AppDelegate.swift in Sources */,
				B471F0A820C17740003DEF14 /* GithubTrendingUseCase.swift in Sources */,
			);
			runOnlyForDeploymentPostprocessing = 0;
		};
/* End PBXSourcesBuildPhase section */

/* Begin PBXVariantGroup section */
		B471F08C20C17263003DEF14 /* Main.storyboard */ = {
			isa = PBXVariantGroup;
			children = (
				B471F08D20C17263003DEF14 /* Base */,
			);
			name = Main.storyboard;
			sourceTree = "<group>";
		};
		B471F09120C17264003DEF14 /* LaunchScreen.storyboard */ = {
			isa = PBXVariantGroup;
			children = (
				B471F09220C17264003DEF14 /* Base */,
			);
			name = LaunchScreen.storyboard;
			sourceTree = "<group>";
		};
/* End PBXVariantGroup section */

/* Begin XCBuildConfiguration section */
		B471F09520C17264003DEF14 /* Debug */ = {
			isa = XCBuildConfiguration;
			buildSettings = {
				ALWAYS_SEARCH_USER_PATHS = NO;
				CLANG_ANALYZER_NONNULL = YES;
				CLANG_ANALYZER_NUMBER_OBJECT_CONVERSION = YES_AGGRESSIVE;
				CLANG_CXX_LANGUAGE_STANDARD = "gnu++14";
				CLANG_CXX_LIBRARY = "libc++";
				CLANG_ENABLE_MODULES = YES;
				CLANG_ENABLE_OBJC_ARC = YES;
				CLANG_ENABLE_OBJC_WEAK = YES;
				CLANG_WARN_BLOCK_CAPTURE_AUTORELEASING = YES;
				CLANG_WARN_BOOL_CONVERSION = YES;
				CLANG_WARN_COMMA = YES;
				CLANG_WARN_CONSTANT_CONVERSION = YES;
				CLANG_WARN_DEPRECATED_OBJC_IMPLEMENTATIONS = YES;
				CLANG_WARN_DIRECT_OBJC_ISA_USAGE = YES_ERROR;
				CLANG_WARN_DOCUMENTATION_COMMENTS = YES;
				CLANG_WARN_EMPTY_BODY = YES;
				CLANG_WARN_ENUM_CONVERSION = YES;
				CLANG_WARN_INFINITE_RECURSION = YES;
				CLANG_WARN_INT_CONVERSION = YES;
				CLANG_WARN_NON_LITERAL_NULL_CONVERSION = YES;
				CLANG_WARN_OBJC_IMPLICIT_RETAIN_SELF = YES;
				CLANG_WARN_OBJC_LITERAL_CONVERSION = YES;
				CLANG_WARN_OBJC_ROOT_CLASS = YES_ERROR;
				CLANG_WARN_RANGE_LOOP_ANALYSIS = YES;
				CLANG_WARN_STRICT_PROTOTYPES = YES;
				CLANG_WARN_SUSPICIOUS_MOVE = YES;
				CLANG_WARN_UNGUARDED_AVAILABILITY = YES_AGGRESSIVE;
				CLANG_WARN_UNREACHABLE_CODE = YES;
				CLANG_WARN__DUPLICATE_METHOD_MATCH = YES;
				CODE_SIGN_IDENTITY = "iPhone Developer";
				COPY_PHASE_STRIP = NO;
				DEBUG_INFORMATION_FORMAT = dwarf;
				ENABLE_STRICT_OBJC_MSGSEND = YES;
				ENABLE_TESTABILITY = YES;
				GCC_C_LANGUAGE_STANDARD = gnu11;
				GCC_DYNAMIC_NO_PIC = NO;
				GCC_NO_COMMON_BLOCKS = YES;
				GCC_OPTIMIZATION_LEVEL = 0;
				GCC_PREPROCESSOR_DEFINITIONS = (
					"DEBUG=1",
					"$(inherited)",
				);
				GCC_WARN_64_TO_32_BIT_CONVERSION = YES;
				GCC_WARN_ABOUT_RETURN_TYPE = YES_ERROR;
				GCC_WARN_UNDECLARED_SELECTOR = YES;
				GCC_WARN_UNINITIALIZED_AUTOS = YES_AGGRESSIVE;
				GCC_WARN_UNUSED_FUNCTION = YES;
				GCC_WARN_UNUSED_VARIABLE = YES;
				IPHONEOS_DEPLOYMENT_TARGET = 11.3;
				MTL_ENABLE_DEBUG_INFO = YES;
				ONLY_ACTIVE_ARCH = YES;
				SDKROOT = iphoneos;
				SWIFT_ACTIVE_COMPILATION_CONDITIONS = DEBUG;
				SWIFT_OPTIMIZATION_LEVEL = "-Onone";
			};
			name = Debug;
		};
		B471F09620C17264003DEF14 /* Release */ = {
			isa = XCBuildConfiguration;
			buildSettings = {
				ALWAYS_SEARCH_USER_PATHS = NO;
				CLANG_ANALYZER_NONNULL = YES;
				CLANG_ANALYZER_NUMBER_OBJECT_CONVERSION = YES_AGGRESSIVE;
				CLANG_CXX_LANGUAGE_STANDARD = "gnu++14";
				CLANG_CXX_LIBRARY = "libc++";
				CLANG_ENABLE_MODULES = YES;
				CLANG_ENABLE_OBJC_ARC = YES;
				CLANG_ENABLE_OBJC_WEAK = YES;
				CLANG_WARN_BLOCK_CAPTURE_AUTORELEASING = YES;
				CLANG_WARN_BOOL_CONVERSION = YES;
				CLANG_WARN_COMMA = YES;
				CLANG_WARN_CONSTANT_CONVERSION = YES;
				CLANG_WARN_DEPRECATED_OBJC_IMPLEMENTATIONS = YES;
				CLANG_WARN_DIRECT_OBJC_ISA_USAGE = YES_ERROR;
				CLANG_WARN_DOCUMENTATION_COMMENTS = YES;
				CLANG_WARN_EMPTY_BODY = YES;
				CLANG_WARN_ENUM_CONVERSION = YES;
				CLANG_WARN_INFINITE_RECURSION = YES;
				CLANG_WARN_INT_CONVERSION = YES;
				CLANG_WARN_NON_LITERAL_NULL_CONVERSION = YES;
				CLANG_WARN_OBJC_IMPLICIT_RETAIN_SELF = YES;
				CLANG_WARN_OBJC_LITERAL_CONVERSION = YES;
				CLANG_WARN_OBJC_ROOT_CLASS = YES_ERROR;
				CLANG_WARN_RANGE_LOOP_ANALYSIS = YES;
				CLANG_WARN_STRICT_PROTOTYPES = YES;
				CLANG_WARN_SUSPICIOUS_MOVE = YES;
				CLANG_WARN_UNGUARDED_AVAILABILITY = YES_AGGRESSIVE;
				CLANG_WARN_UNREACHABLE_CODE = YES;
				CLANG_WARN__DUPLICATE_METHOD_MATCH = YES;
				CODE_SIGN_IDENTITY = "iPhone Developer";
				COPY_PHASE_STRIP = NO;
				DEBUG_INFORMATION_FORMAT = "dwarf-with-dsym";
				ENABLE_NS_ASSERTIONS = NO;
				ENABLE_STRICT_OBJC_MSGSEND = YES;
				GCC_C_LANGUAGE_STANDARD = gnu11;
				GCC_NO_COMMON_BLOCKS = YES;
				GCC_WARN_64_TO_32_BIT_CONVERSION = YES;
				GCC_WARN_ABOUT_RETURN_TYPE = YES_ERROR;
				GCC_WARN_UNDECLARED_SELECTOR = YES;
				GCC_WARN_UNINITIALIZED_AUTOS = YES_AGGRESSIVE;
				GCC_WARN_UNUSED_FUNCTION = YES;
				GCC_WARN_UNUSED_VARIABLE = YES;
				IPHONEOS_DEPLOYMENT_TARGET = 11.3;
				MTL_ENABLE_DEBUG_INFO = NO;
				SDKROOT = iphoneos;
				SWIFT_COMPILATION_MODE = wholemodule;
				SWIFT_OPTIMIZATION_LEVEL = "-O";
				VALIDATE_PRODUCT = YES;
			};
			name = Release;
		};
		B471F09820C17264003DEF14 /* Debug */ = {
			isa = XCBuildConfiguration;
			baseConfigurationReference = 748AA6822944F739F20FB9B1 /* Pods-GithubTrending.debug.xcconfig */;
			buildSettings = {
				ASSETCATALOG_COMPILER_APPICON_NAME = AppIcon;
				CODE_SIGN_STYLE = Automatic;
				DEVELOPMENT_TEAM = UJNMHBPAPG;
				INFOPLIST_FILE = GithubTrending/Info.plist;
				LD_RUNPATH_SEARCH_PATHS = "$(inherited) @executable_path/Frameworks";
				PRODUCT_BUNDLE_IDENTIFIER = com.jordanrilassi.GithubTrending;
				PRODUCT_NAME = "$(TARGET_NAME)";
				SWIFT_VERSION = 4.0;
				TARGETED_DEVICE_FAMILY = "1,2";
			};
			name = Debug;
		};
		B471F09920C17264003DEF14 /* Release */ = {
			isa = XCBuildConfiguration;
			baseConfigurationReference = CDCFA87C049D1AC5C87200C1 /* Pods-GithubTrending.release.xcconfig */;
			buildSettings = {
				ASSETCATALOG_COMPILER_APPICON_NAME = AppIcon;
				CODE_SIGN_STYLE = Automatic;
				DEVELOPMENT_TEAM = UJNMHBPAPG;
				INFOPLIST_FILE = GithubTrending/Info.plist;
				LD_RUNPATH_SEARCH_PATHS = "$(inherited) @executable_path/Frameworks";
				PRODUCT_BUNDLE_IDENTIFIER = com.jordanrilassi.GithubTrending;
				PRODUCT_NAME = "$(TARGET_NAME)";
				SWIFT_VERSION = 4.0;
				TARGETED_DEVICE_FAMILY = "1,2";
			};
			name = Release;
		};
/* End XCBuildConfiguration section */

/* Begin XCConfigurationList section */
		B471F08020C17263003DEF14 /* Build configuration list for PBXProject "GithubTrending" */ = {
			isa = XCConfigurationList;
			buildConfigurations = (
				B471F09520C17264003DEF14 /* Debug */,
				B471F09620C17264003DEF14 /* Release */,
			);
			defaultConfigurationIsVisible = 0;
			defaultConfigurationName = Release;
		};
		B471F09720C17264003DEF14 /* Build configuration list for PBXNativeTarget "GithubTrending" */ = {
			isa = XCConfigurationList;
			buildConfigurations = (
				B471F09820C17264003DEF14 /* Debug */,
				B471F09920C17264003DEF14 /* Release */,
			);
			defaultConfigurationIsVisible = 0;
			defaultConfigurationName = Release;
		};
/* End XCConfigurationList section */
	};
	rootObject = B471F07D20C17263003DEF14 /* Project object */;
}
